
Microsoft Visual Studio Solution File, Format Version 12.00
# Visual Studio Version 17
VisualStudioVersion = 17.1.32414.318
MinimumVisualStudioVersion = 10.0.40219.1
Project("{9A19103F-16F7-4668-BE54-9A1E7A4F7556}") = "Mc2.CrudTest.Presentation.Front", "Mc2.CrudTest.Presentation\Front\Mc2.CrudTest.Presentation.Front.csproj", "{4B62EAE3-1858-4833-9E36-EE77FADC2328}"
EndProject
Project("{9A19103F-16F7-4668-BE54-9A1E7A4F7556}") = "Mc2.CrudTest.AcceptanceTests", "Mc2.CrudTest.AcceptanceTests\Mc2.CrudTest.AcceptanceTests.csproj", "{00E0E714-1EB4-4B62-950F-AE7C3BFD6766}"
EndProject
Project("{9A19103F-16F7-4668-BE54-9A1E7A4F7556}") = "Mc2.CrudTest.Shared", "Mc2.CrudTest.Presentation\Shared\Mc2.CrudTest.Shared.csproj", "{661369DC-0F78-4889-BA3B-639513A49789}"
EndProject
Project("{9A19103F-16F7-4668-BE54-9A1E7A4F7556}") = "Mc2.CrudTest.Presentation.Server", "Mc2.CrudTest.Presentation\Server\Mc2.CrudTest.Presentation.Server.csproj", "{8D41010B-AEF1-4742-B7EC-6A5AE62C45FC}"
EndProject
Project("{2150E333-8FDC-42A3-9474-1A3956D46DE8}") = "src", "src", "{11322972-3C82-4961-886B-EC4878926261}"
EndProject
Project("{9A19103F-16F7-4668-BE54-9A1E7A4F7556}") = "Mc2.CrudTest.Domain", "src\Mc2.CrudTest.Domain\Mc2.CrudTest.Domain.csproj", "{83764D73-6F10-430F-86D0-4062AB361A45}"
EndProject
Project("{9A19103F-16F7-4668-BE54-9A1E7A4F7556}") = "Mc2.CrudTest.Domain.Application", "src\Mc2.CrudTest.Domain.Application\Mc2.CrudTest.Domain.Application.csproj", "{41D08231-1A7F-4750-B758-BC6395FBBEDD}"
EndProject
Project("{2150E333-8FDC-42A3-9474-1A3956D46DE8}") = "tests", "tests", "{9277977B-4A28-424A-9825-99EE32C70D37}"
EndProject
Project("{2150E333-8FDC-42A3-9474-1A3956D46DE8}") = "host", "host", "{6432CE09-592E-4A79-8975-96FFBB05AEE5}"
EndProject
Project("{9A19103F-16F7-4668-BE54-9A1E7A4F7556}") = "Mc2.CrudTest.Domain.Tests", "test\Mc2.CrudTest.Domain.Tests\Mc2.CrudTest.Domain.Tests.csproj", "{D4F18780-DA6D-4178-86B7-FB5EFAE9D625}"
EndProject
Project("{9A19103F-16F7-4668-BE54-9A1E7A4F7556}") = "Mc2.CrudTest.Domain.Application.Tests", "test\Mc2.CrudTest.Domain.Application.Tests\Mc2.CrudTest.Domain.Application.Tests.csproj", "{BAB39F4A-1444-45A3-B8EB-A301349C90A2}"
EndProject
Project("{9A19103F-16F7-4668-BE54-9A1E7A4F7556}") = "Mc2.CrudTest.Domain.DataAccess.Tests", "test\Mc2.CrudTest.Domain.DataAccess.Tests\Mc2.CrudTest.Domain.DataAccess.Tests.csproj", "{71D42979-296E-4022-87B8-4EB2B78432A1}"
EndProject
Project("{9A19103F-16F7-4668-BE54-9A1E7A4F7556}") = "Mc2.CrudTest.Utility", "src\Mc2.CrudTest.Utility\Mc2.CrudTest.Utility.csproj", "{49FA15DB-9F5B-41D8-AECF-04C965C21778}"
EndProject
Project("{9A19103F-16F7-4668-BE54-9A1E7A4F7556}") = "Mc2.CrudTest.Domain.DataAccess", "src\Mc2.CrudTest.Domain.DataAccess\Mc2.CrudTest.Domain.DataAccess.csproj", "{BAD1F4F0-1B61-44D0-8865-4C9F3088C390}"
EndProject
Project("{FAE04EC0-301F-11D3-BF4B-00C04F79EFBC}") = "Mc2.CrudTest.HttpApi.Host", "host\Mc2.CrudTest.HttpApi.Host\Mc2.CrudTest.HttpApi.Host.csproj", "{1CE863AD-5575-47AE-A7AB-2BDFBE65A109}"
EndProject
Global
	GlobalSection(SolutionConfigurationPlatforms) = preSolution
		Debug|Any CPU = Debug|Any CPU
		Release|Any CPU = Release|Any CPU
	EndGlobalSection
	GlobalSection(ProjectConfigurationPlatforms) = postSolution
		{4B62EAE3-1858-4833-9E36-EE77FADC2328}.Debug|Any CPU.ActiveCfg = Debug|Any CPU
		{4B62EAE3-1858-4833-9E36-EE77FADC2328}.Debug|Any CPU.Build.0 = Debug|Any CPU
		{4B62EAE3-1858-4833-9E36-EE77FADC2328}.Release|Any CPU.ActiveCfg = Release|Any CPU
		{4B62EAE3-1858-4833-9E36-EE77FADC2328}.Release|Any CPU.Build.0 = Release|Any CPU
		{00E0E714-1EB4-4B62-950F-AE7C3BFD6766}.Debug|Any CPU.ActiveCfg = Debug|Any CPU
		{00E0E714-1EB4-4B62-950F-AE7C3BFD6766}.Debug|Any CPU.Build.0 = Debug|Any CPU
		{00E0E714-1EB4-4B62-950F-AE7C3BFD6766}.Release|Any CPU.ActiveCfg = Release|Any CPU
		{00E0E714-1EB4-4B62-950F-AE7C3BFD6766}.Release|Any CPU.Build.0 = Release|Any CPU
		{661369DC-0F78-4889-BA3B-639513A49789}.Debug|Any CPU.ActiveCfg = Debug|Any CPU
		{661369DC-0F78-4889-BA3B-639513A49789}.Debug|Any CPU.Build.0 = Debug|Any CPU
		{661369DC-0F78-4889-BA3B-639513A49789}.Release|Any CPU.ActiveCfg = Release|Any CPU
		{661369DC-0F78-4889-BA3B-639513A49789}.Release|Any CPU.Build.0 = Release|Any CPU
		{8D41010B-AEF1-4742-B7EC-6A5AE62C45FC}.Debug|Any CPU.ActiveCfg = Debug|Any CPU
		{8D41010B-AEF1-4742-B7EC-6A5AE62C45FC}.Debug|Any CPU.Build.0 = Debug|Any CPU
		{8D41010B-AEF1-4742-B7EC-6A5AE62C45FC}.Release|Any CPU.ActiveCfg = Release|Any CPU
		{8D41010B-AEF1-4742-B7EC-6A5AE62C45FC}.Release|Any CPU.Build.0 = Release|Any CPU
		{83764D73-6F10-430F-86D0-4062AB361A45}.Debug|Any CPU.ActiveCfg = Debug|Any CPU
		{83764D73-6F10-430F-86D0-4062AB361A45}.Debug|Any CPU.Build.0 = Debug|Any CPU
		{83764D73-6F10-430F-86D0-4062AB361A45}.Release|Any CPU.ActiveCfg = Release|Any CPU
		{83764D73-6F10-430F-86D0-4062AB361A45}.Release|Any CPU.Build.0 = Release|Any CPU
		{41D08231-1A7F-4750-B758-BC6395FBBEDD}.Debug|Any CPU.ActiveCfg = Debug|Any CPU
		{41D08231-1A7F-4750-B758-BC6395FBBEDD}.Debug|Any CPU.Build.0 = Debug|Any CPU
		{41D08231-1A7F-4750-B758-BC6395FBBEDD}.Release|Any CPU.ActiveCfg = Release|Any CPU
		{41D08231-1A7F-4750-B758-BC6395FBBEDD}.Release|Any CPU.Build.0 = Release|Any CPU
		{D4F18780-DA6D-4178-86B7-FB5EFAE9D625}.Debug|Any CPU.ActiveCfg = Debug|Any CPU
		{D4F18780-DA6D-4178-86B7-FB5EFAE9D625}.Debug|Any CPU.Build.0 = Debug|Any CPU
		{D4F18780-DA6D-4178-86B7-FB5EFAE9D625}.Release|Any CPU.ActiveCfg = Release|Any CPU
		{D4F18780-DA6D-4178-86B7-FB5EFAE9D625}.Release|Any CPU.Build.0 = Release|Any CPU
		{BAB39F4A-1444-45A3-B8EB-A301349C90A2}.Debug|Any CPU.ActiveCfg = Debug|Any CPU
		{BAB39F4A-1444-45A3-B8EB-A301349C90A2}.Debug|Any CPU.Build.0 = Debug|Any CPU
		{BAB39F4A-1444-45A3-B8EB-A301349C90A2}.Release|Any CPU.ActiveCfg = Release|Any CPU
		{BAB39F4A-1444-45A3-B8EB-A301349C90A2}.Release|Any CPU.Build.0 = Release|Any CPU
		{71D42979-296E-4022-87B8-4EB2B78432A1}.Debug|Any CPU.ActiveCfg = Debug|Any CPU
		{71D42979-296E-4022-87B8-4EB2B78432A1}.Debug|Any CPU.Build.0 = Debug|Any CPU
		{71D42979-296E-4022-87B8-4EB2B78432A1}.Release|Any CPU.ActiveCfg = Release|Any CPU
		{71D42979-296E-4022-87B8-4EB2B78432A1}.Release|Any CPU.Build.0 = Release|Any CPU
		{49FA15DB-9F5B-41D8-AECF-04C965C21778}.Debug|Any CPU.ActiveCfg = Debug|Any CPU
		{49FA15DB-9F5B-41D8-AECF-04C965C21778}.Debug|Any CPU.Build.0 = Debug|Any CPU
		{49FA15DB-9F5B-41D8-AECF-04C965C21778}.Release|Any CPU.ActiveCfg = Release|Any CPU
		{49FA15DB-9F5B-41D8-AECF-04C965C21778}.Release|Any CPU.Build.0 = Release|Any CPU
		{BAD1F4F0-1B61-44D0-8865-4C9F3088C390}.Debug|Any CPU.ActiveCfg = Debug|Any CPU
		{BAD1F4F0-1B61-44D0-8865-4C9F3088C390}.Debug|Any CPU.Build.0 = Debug|Any CPU
		{BAD1F4F0-1B61-44D0-8865-4C9F3088C390}.Release|Any CPU.ActiveCfg = Release|Any CPU
		{BAD1F4F0-1B61-44D0-8865-4C9F3088C390}.Release|Any CPU.Build.0 = Release|Any CPU
		{1CE863AD-5575-47AE-A7AB-2BDFBE65A109}.Debug|Any CPU.ActiveCfg = Debug|Any CPU
		{1CE863AD-5575-47AE-A7AB-2BDFBE65A109}.Debug|Any CPU.Build.0 = Debug|Any CPU
		{1CE863AD-5575-47AE-A7AB-2BDFBE65A109}.Release|Any CPU.ActiveCfg = Release|Any CPU
		{1CE863AD-5575-47AE-A7AB-2BDFBE65A109}.Release|Any CPU.Build.0 = Release|Any CPU
	EndGlobalSection
	GlobalSection(SolutionProperties) = preSolution
		HideSolutionNode = FALSE
	EndGlobalSection
	GlobalSection(NestedProjects) = preSolution
		{83764D73-6F10-430F-86D0-4062AB361A45} = {11322972-3C82-4961-886B-EC4878926261}
		{41D08231-1A7F-4750-B758-BC6395FBBEDD} = {11322972-3C82-4961-886B-EC4878926261}
		{D4F18780-DA6D-4178-86B7-FB5EFAE9D625} = {9277977B-4A28-424A-9825-99EE32C70D37}
		{BAB39F4A-1444-45A3-B8EB-A301349C90A2} = {9277977B-4A28-424A-9825-99EE32C70D37}
		{71D42979-296E-4022-87B8-4EB2B78432A1} = {9277977B-4A28-424A-9825-99EE32C70D37}
		{49FA15DB-9F5B-41D8-AECF-04C965C21778} = {11322972-3C82-4961-886B-EC4878926261}
		{BAD1F4F0-1B61-44D0-8865-4C9F3088C390} = {11322972-3C82-4961-886B-EC4878926261}
		{1CE863AD-5575-47AE-A7AB-2BDFBE65A109} = {6432CE09-592E-4A79-8975-96FFBB05AEE5}
	EndGlobalSection
	GlobalSection(ExtensibilityGlobals) = postSolution
		SolutionGuid = {4B5A26C9-68C1-49D9-9F32-AF907A1730C2}
	EndGlobalSection
EndGlobal
